
Microsoft Visual Studio Solution File, Format Version 12.00
# Visual Studio Version 17
VisualStudioVersion = 17.0.31903.59
MinimumVisualStudioVersion = 10.0.40219.1
Project("{9A19103F-16F7-4668-BE54-9A1E7A4F7556}") = "SerilogLogLevels", "SerilogLogLevels\SerilogLogLevels.csproj", "{DC831431-6B8D-4A39-AE56-01B21D8B5FE7}"
EndProject
Project("{FAE04EC0-301F-11D3-BF4B-00C04F79EFBC}") = "SerilogEnrichedWebApp", "SerilogEnrichedWebApp\SerilogEnrichedWebApp.csproj", "{58480514-2A4E-4FC5-8EA2-0B6CC54DAEBC}"
EndProject
Global
	GlobalSection(SolutionConfigurationPlatforms) = preSolution
		Debug|Any CPU = Debug|Any CPU
		Release|Any CPU = Release|Any CPU
	EndGlobalSection
	GlobalSection(ProjectConfigurationPlatforms) = postSolution
		{DC831431-6B8D-4A39-AE56-01B21D8B5FE7}.Debug|Any CPU.ActiveCfg = Debug|Any CPU
		{DC831431-6B8D-4A39-AE56-01B21D8B5FE7}.Debug|Any CPU.Build.0 = Debug|Any CPU
		{DC831431-6B8D-4A39-AE56-01B21D8B5FE7}.Release|Any CPU.ActiveCfg = Release|Any CPU
		{DC831431-6B8D-4A39-AE56-01B21D8B5FE7}.Release|Any CPU.Build.0 = Release|Any CPU
		{58480514-2A4E-4FC5-8EA2-0B6CC54DAEBC}.Debug|Any CPU.ActiveCfg = Debug|Any CPU
		{58480514-2A4E-4FC5-8EA2-0B6CC54DAEBC}.Debug|Any CPU.Build.0 = Debug|Any CPU
		{58480514-2A4E-4FC5-8EA2-0B6CC54DAEBC}.Release|Any CPU.ActiveCfg = Release|Any CPU
		{58480514-2A4E-4FC5-8EA2-0B6CC54DAEBC}.Release|Any CPU.Build.0 = Release|Any CPU
	EndGlobalSection
	GlobalSection(SolutionProperties) = preSolution
		HideSolutionNode = FALSE
	EndGlobalSection
	GlobalSection(ExtensibilityGlobals) = postSolution
		SolutionGuid = {28D712BD-75E8-4D1B-897A-458F3CE73CC9}
	EndGlobalSection
EndGlobal
