
Microsoft Visual Studio Solution File, Format Version 12.00
# Visual Studio Version 17
VisualStudioVersion = 17.11.35312.102
MinimumVisualStudioVersion = 10.0.40219.1
Project("{FAE04EC0-301F-11D3-BF4B-00C04F79EFBC}") = "RectangleCalc", "RectangleCalc.csproj", "{66F8AB84-25A4-44BE-B4FB-860C735D5F6E}"
EndProject
Global
	GlobalSection(SolutionConfigurationPlatforms) = preSolution
		Debug|Any CPU = Debug|Any CPU
		LamaDebug|Any CPU = LamaDebug|Any CPU
		Release|Any CPU = Release|Any CPU
	EndGlobalSection
	GlobalSection(ProjectConfigurationPlatforms) = postSolution
		{66F8AB84-25A4-44BE-B4FB-860C735D5F6E}.Debug|Any CPU.ActiveCfg = Debug|Any CPU
		{66F8AB84-25A4-44BE-B4FB-860C735D5F6E}.Debug|Any CPU.Build.0 = Debug|Any CPU
		{66F8AB84-25A4-44BE-B4FB-860C735D5F6E}.LamaDebug|Any CPU.ActiveCfg = LamaDebug|Any CPU
		{66F8AB84-25A4-44BE-B4FB-860C735D5F6E}.LamaDebug|Any CPU.Build.0 = LamaDebug|Any CPU
		{66F8AB84-25A4-44BE-B4FB-860C735D5F6E}.Release|Any CPU.ActiveCfg = Release|Any CPU
		{66F8AB84-25A4-44BE-B4FB-860C735D5F6E}.Release|Any CPU.Build.0 = Release|Any CPU
	EndGlobalSection
	GlobalSection(SolutionProperties) = preSolution
		HideSolutionNode = FALSE
	EndGlobalSection
	GlobalSection(ExtensibilityGlobals) = postSolution
		SolutionGuid = {FA4E1980-7FE9-46C9-9D92-C9C9BF71459A}
	EndGlobalSection
EndGlobal
