Microsoft Visual Studio Solution File, Format Version 12.00
# Visual Studio Version 17
VisualStudioVersion = 17.10.35004.147
MinimumVisualStudioVersion = 10.0.40219.1
Project("{FAE04EC0-301F-11D3-BF4B-00C04F79EFBC}") = "OutdoorTodoList.AppHost", "OutdoorTodoList.AppHost\OutdoorTodoList.AppHost.csproj", "{77B64648-425E-4C31-8C25-5DB6437EA23E}"
EndProject
Project("{9A19103F-16F7-4668-BE54-9A1E7A4F7556}") = "OutdoorTodoList.ServiceDefaults", "OutdoorTodoList.ServiceDefaults\OutdoorTodoList.ServiceDefaults.csproj", "{B176B508-DF87-4FF3-A49E-25DC1CBB7A9B}"
EndProject
Project("{9A19103F-16F7-4668-BE54-9A1E7A4F7556}") = "OutdoorTodoList.ApiService", "OutdoorTodoList.ApiService\OutdoorTodoList.ApiService.csproj", "{BE97F8BA-BC88-4767-AAA6-56F93E882F63}"
EndProject
Project("{9A19103F-16F7-4668-BE54-9A1E7A4F7556}") = "OutdoorTodoList.Web", "OutdoorTodoList.Web\OutdoorTodoList.Web.csproj", "{3F2D51F9-F444-46F4-9FC4-1F1B92B2459A}"
EndProject
Global
	GlobalSection(SolutionConfigurationPlatforms) = preSolution
		Debug|Any CPU = Debug|Any CPU
		Release|Any CPU = Release|Any CPU
	EndGlobalSection
	GlobalSection(ProjectConfigurationPlatforms) = postSolution
		{77B64648-425E-4C31-8C25-5DB6437EA23E}.Debug|Any CPU.ActiveCfg = Debug|Any CPU
		{77B64648-425E-4C31-8C25-5DB6437EA23E}.Debug|Any CPU.Build.0 = Debug|Any CPU
		{77B64648-425E-4C31-8C25-5DB6437EA23E}.Release|Any CPU.ActiveCfg = Release|Any CPU
		{77B64648-425E-4C31-8C25-5DB6437EA23E}.Release|Any CPU.Build.0 = Release|Any CPU
		{B176B508-DF87-4FF3-A49E-25DC1CBB7A9B}.Debug|Any CPU.ActiveCfg = Debug|Any CPU
		{B176B508-DF87-4FF3-A49E-25DC1CBB7A9B}.Debug|Any CPU.Build.0 = Debug|Any CPU
		{B176B508-DF87-4FF3-A49E-25DC1CBB7A9B}.Release|Any CPU.ActiveCfg = Release|Any CPU
		{B176B508-DF87-4FF3-A49E-25DC1CBB7A9B}.Release|Any CPU.Build.0 = Release|Any CPU
		{BE97F8BA-BC88-4767-AAA6-56F93E882F63}.Debug|Any CPU.ActiveCfg = Debug|Any CPU
		{BE97F8BA-BC88-4767-AAA6-56F93E882F63}.Debug|Any CPU.Build.0 = Debug|Any CPU
		{BE97F8BA-BC88-4767-AAA6-56F93E882F63}.Release|Any CPU.ActiveCfg = Release|Any CPU
		{BE97F8BA-BC88-4767-AAA6-56F93E882F63}.Release|Any CPU.Build.0 = Release|Any CPU
		{3F2D51F9-F444-46F4-9FC4-1F1B92B2459A}.Debug|Any CPU.ActiveCfg = Debug|Any CPU
		{3F2D51F9-F444-46F4-9FC4-1F1B92B2459A}.Debug|Any CPU.Build.0 = Debug|Any CPU
		{3F2D51F9-F444-46F4-9FC4-1F1B92B2459A}.Release|Any CPU.ActiveCfg = Release|Any CPU
		{3F2D51F9-F444-46F4-9FC4-1F1B92B2459A}.Release|Any CPU.Build.0 = Release|Any CPU
	EndGlobalSection
	GlobalSection(SolutionProperties) = preSolution
		HideSolutionNode = FALSE
	EndGlobalSection
	GlobalSection(ExtensibilityGlobals) = postSolution
		SolutionGuid = {CA2E91F6-B554-4C1A-8097-5D96FC37216A}
	EndGlobalSection
EndGlobal
