
Microsoft Visual Studio Solution File, Format Version 12.00
# Visual Studio Version 17
VisualStudioVersion = 17.0.31903.59
MinimumVisualStudioVersion = 10.0.40219.1
Project("{FAE04EC0-301F-11D3-BF4B-00C04F79EFBC}") = "ClassicSingleton", "ClassicSingleton\ClassicSingleton.csproj", "{0B654755-2570-4AA8-A0BB-2B65AD0731F1}"
EndProject
Project("{FAE04EC0-301F-11D3-BF4B-00C04F79EFBC}") = "ModernSingleton", "ModernSingleton\ModernSingleton.csproj", "{6779471A-01C5-40C8-8D53-BA6CB4F73A20}"
EndProject
Project("{FAE04EC0-301F-11D3-BF4B-00C04F79EFBC}") = "ModernSingletonArchUnit", "ModernSingletonArchUnit\ModernSingletonArchUnit.csproj", "{B8F216F4-F1D5-4DD8-AD07-403AA7FAF8CC}"
EndProject
Global
	GlobalSection(SolutionConfigurationPlatforms) = preSolution
		Debug|Any CPU = Debug|Any CPU
		Release|Any CPU = Release|Any CPU
	EndGlobalSection
	GlobalSection(SolutionProperties) = preSolution
		HideSolutionNode = FALSE
	EndGlobalSection
	GlobalSection(ProjectConfigurationPlatforms) = postSolution
		{0B654755-2570-4AA8-A0BB-2B65AD0731F1}.Debug|Any CPU.ActiveCfg = Debug|Any CPU
		{0B654755-2570-4AA8-A0BB-2B65AD0731F1}.Debug|Any CPU.Build.0 = Debug|Any CPU
		{0B654755-2570-4AA8-A0BB-2B65AD0731F1}.Release|Any CPU.ActiveCfg = Release|Any CPU
		{0B654755-2570-4AA8-A0BB-2B65AD0731F1}.Release|Any CPU.Build.0 = Release|Any CPU
		{6779471A-01C5-40C8-8D53-BA6CB4F73A20}.Debug|Any CPU.ActiveCfg = Debug|Any CPU
		{6779471A-01C5-40C8-8D53-BA6CB4F73A20}.Debug|Any CPU.Build.0 = Debug|Any CPU
		{6779471A-01C5-40C8-8D53-BA6CB4F73A20}.Release|Any CPU.ActiveCfg = Release|Any CPU
		{6779471A-01C5-40C8-8D53-BA6CB4F73A20}.Release|Any CPU.Build.0 = Release|Any CPU
		{B8F216F4-F1D5-4DD8-AD07-403AA7FAF8CC}.Debug|Any CPU.ActiveCfg = Debug|Any CPU
		{B8F216F4-F1D5-4DD8-AD07-403AA7FAF8CC}.Debug|Any CPU.Build.0 = Debug|Any CPU
		{B8F216F4-F1D5-4DD8-AD07-403AA7FAF8CC}.Release|Any CPU.ActiveCfg = Release|Any CPU
		{B8F216F4-F1D5-4DD8-AD07-403AA7FAF8CC}.Release|Any CPU.Build.0 = Release|Any CPU
	EndGlobalSection
EndGlobal
