Microsoft Visual Studio Solution File, Format Version 12.00
# Visual Studio Version 17
VisualStudioVersion = 17.10.35004.147
MinimumVisualStudioVersion = 10.0.40219.1
Project("{FAE04EC0-301F-11D3-BF4B-00C04F79EFBC}") = "TodoList.AppHost", "TodoList.AppHost\TodoList.AppHost.csproj", "{C6FB9F40-7DB1-409A-A8C6-ADF89F016CDF}"
EndProject
Project("{9A19103F-16F7-4668-BE54-9A1E7A4F7556}") = "TodoList.ServiceDefaults", "TodoList.ServiceDefaults\TodoList.ServiceDefaults.csproj", "{A6319A72-71A1-448C-8B48-709D62AF224D}"
EndProject
Global
	GlobalSection(SolutionConfigurationPlatforms) = preSolution
		Debug|Any CPU = Debug|Any CPU
		Release|Any CPU = Release|Any CPU
	EndGlobalSection
	GlobalSection(ProjectConfigurationPlatforms) = postSolution
		{C6FB9F40-7DB1-409A-A8C6-ADF89F016CDF}.Debug|Any CPU.ActiveCfg = Debug|Any CPU
		{C6FB9F40-7DB1-409A-A8C6-ADF89F016CDF}.Debug|Any CPU.Build.0 = Debug|Any CPU
		{C6FB9F40-7DB1-409A-A8C6-ADF89F016CDF}.Release|Any CPU.ActiveCfg = Release|Any CPU
		{C6FB9F40-7DB1-409A-A8C6-ADF89F016CDF}.Release|Any CPU.Build.0 = Release|Any CPU
		{A6319A72-71A1-448C-8B48-709D62AF224D}.Debug|Any CPU.ActiveCfg = Debug|Any CPU
		{A6319A72-71A1-448C-8B48-709D62AF224D}.Debug|Any CPU.Build.0 = Debug|Any CPU
		{A6319A72-71A1-448C-8B48-709D62AF224D}.Release|Any CPU.ActiveCfg = Release|Any CPU
		{A6319A72-71A1-448C-8B48-709D62AF224D}.Release|Any CPU.Build.0 = Release|Any CPU
	EndGlobalSection
	GlobalSection(SolutionProperties) = preSolution
		HideSolutionNode = FALSE
	EndGlobalSection
	GlobalSection(ExtensibilityGlobals) = postSolution
		SolutionGuid = {A6D167A8-4D64-440D-A201-A68D695EF3BA}
	EndGlobalSection
EndGlobal
