
Microsoft Visual Studio Solution File, Format Version 12.00
# Visual Studio Version 17
VisualStudioVersion = 17.11.35312.102
MinimumVisualStudioVersion = 10.0.40219.1
Project("{FAE04EC0-301F-11D3-BF4B-00C04F79EFBC}") = "LimitedTextBox_Manually", "LimitedTextBox_Manually\LimitedTextBox_Manually.csproj", "{833AEA16-B290-4245-941F-79065D2870E4}"
EndProject
Project("{FAE04EC0-301F-11D3-BF4B-00C04F79EFBC}") = "LimitedTextBox_Metalama", "LimitedTextBox_Metalama\LimitedTextBox_Metalama.csproj", "{76307AC2-527D-4805-BD1F-AB6C1BF5BDD1}"
EndProject
Global
	GlobalSection(SolutionConfigurationPlatforms) = preSolution
		Debug|Any CPU = Debug|Any CPU
		Release|Any CPU = Release|Any CPU
	EndGlobalSection
	GlobalSection(ProjectConfigurationPlatforms) = postSolution
		{833AEA16-B290-4245-941F-79065D2870E4}.Debug|Any CPU.ActiveCfg = Debug|Any CPU
		{833AEA16-B290-4245-941F-79065D2870E4}.Debug|Any CPU.Build.0 = Debug|Any CPU
		{833AEA16-B290-4245-941F-79065D2870E4}.Release|Any CPU.ActiveCfg = Release|Any CPU
		{833AEA16-B290-4245-941F-79065D2870E4}.Release|Any CPU.Build.0 = Release|Any CPU
		{76307AC2-527D-4805-BD1F-AB6C1BF5BDD1}.Debug|Any CPU.ActiveCfg = Debug|Any CPU
		{76307AC2-527D-4805-BD1F-AB6C1BF5BDD1}.Debug|Any CPU.Build.0 = Debug|Any CPU
		{76307AC2-527D-4805-BD1F-AB6C1BF5BDD1}.Release|Any CPU.ActiveCfg = Release|Any CPU
		{76307AC2-527D-4805-BD1F-AB6C1BF5BDD1}.Release|Any CPU.Build.0 = Release|Any CPU
	EndGlobalSection
	GlobalSection(SolutionProperties) = preSolution
		HideSolutionNode = FALSE
	EndGlobalSection
	GlobalSection(ExtensibilityGlobals) = postSolution
		SolutionGuid = {6041FBAD-3922-477E-9EC8-47440374F1AA}
	EndGlobalSection
EndGlobal
