
Microsoft Visual Studio Solution File, Format Version 12.00
# Visual Studio Version 17
VisualStudioVersion = 17.11.35312.102
MinimumVisualStudioVersion = 10.0.40219.1
Project("{9A19103F-16F7-4668-BE54-9A1E7A4F7556}") = "TemperatureMonitor_Manually", "TemperatureMonitor_Manually\TemperatureMonitor_Manually.csproj", "{79B64E5A-C841-44DC-943C-4948EB015CE3}"
EndProject
Project("{FAE04EC0-301F-11D3-BF4B-00C04F79EFBC}") = "TemperatureMonitor_Metalama", "TemperatureMonitor_Metalama\TemperatureMonitor_Metalama.csproj", "{AF333A2E-3F1B-453E-9854-164B9D056B52}"
EndProject
Project("{FAE04EC0-301F-11D3-BF4B-00C04F79EFBC}") = "TemperatureMonitor_MVVM_Toolkit", "TemperatureMonitor_MVVM_Toolkit\TemperatureMonitor_MVVM_Toolkit.csproj", "{05916373-58D3-4110-B849-7FDFD77B6199}"
EndProject
Global
	GlobalSection(SolutionConfigurationPlatforms) = preSolution
		Debug|Any CPU = Debug|Any CPU
		Release|Any CPU = Release|Any CPU
	EndGlobalSection
	GlobalSection(ProjectConfigurationPlatforms) = postSolution
		{79B64E5A-C841-44DC-943C-4948EB015CE3}.Debug|Any CPU.ActiveCfg = Debug|Any CPU
		{79B64E5A-C841-44DC-943C-4948EB015CE3}.Debug|Any CPU.Build.0 = Debug|Any CPU
		{79B64E5A-C841-44DC-943C-4948EB015CE3}.Release|Any CPU.ActiveCfg = Release|Any CPU
		{79B64E5A-C841-44DC-943C-4948EB015CE3}.Release|Any CPU.Build.0 = Release|Any CPU
		{AF333A2E-3F1B-453E-9854-164B9D056B52}.Debug|Any CPU.ActiveCfg = Debug|Any CPU
		{AF333A2E-3F1B-453E-9854-164B9D056B52}.Debug|Any CPU.Build.0 = Debug|Any CPU
		{AF333A2E-3F1B-453E-9854-164B9D056B52}.Release|Any CPU.ActiveCfg = Release|Any CPU
		{AF333A2E-3F1B-453E-9854-164B9D056B52}.Release|Any CPU.Build.0 = Release|Any CPU
		{05916373-58D3-4110-B849-7FDFD77B6199}.Debug|Any CPU.ActiveCfg = Debug|Any CPU
		{05916373-58D3-4110-B849-7FDFD77B6199}.Debug|Any CPU.Build.0 = Debug|Any CPU
		{05916373-58D3-4110-B849-7FDFD77B6199}.Release|Any CPU.ActiveCfg = Release|Any CPU
		{05916373-58D3-4110-B849-7FDFD77B6199}.Release|Any CPU.Build.0 = Release|Any CPU
	EndGlobalSection
	GlobalSection(SolutionProperties) = preSolution
		HideSolutionNode = FALSE
	EndGlobalSection
	GlobalSection(ExtensibilityGlobals) = postSolution
		SolutionGuid = {F2CCCD11-D0C0-4AF7-8362-31D05CE28F44}
	EndGlobalSection
EndGlobal
